{
  "name": "knockout",
  "version": "1.0.0",
  "lockfileVersion": 1,
  "requires": true,
  "dependencies": {
    "@types/knockout": {
      "version": "3.4.50",
      "resolved": "https://registry.npmjs.org/@types/knockout/-/knockout-3.4.50.tgz",
      "integrity": "sha512-caeycKIOxAa61txeV+qmQ0ciGeqk9OJP8FM1ovpp9Sxwc4V0c/RCkEYRZQzW1lgHgsfCcMTZMRUmWedz2/hEEQ=="
    }
  }
}
